{
  "name": "prepros-project",
  "version": "1.0.0",
  "lockfileVersion": 1,
  "requires": true,
  "dependencies": {
    "animate.css": {
      "version": "4.1.1",
      "resolved": "https://registry.npmjs.org/animate.css/-/animate.css-4.1.1.tgz",
      "integrity": "sha512-+mRmCTv6SbCmtYJCN4faJMNFVNN5EuCTTprDTAo7YzIGji2KADmakjVA3+8mVDkZ2Bf09vayB35lSQIex2+QaQ=="
    },
    "jquery-plugin-viewport-checker": {
      "version": "1.8.3",
      "resolved": "https://registry.npmjs.org/jquery-plugin-viewport-checker/-/jquery-plugin-viewport-checker-1.8.3.tgz",
      "integrity": "sha1-j0ky1i5KjxFHqMCwy+7gdTiNVDo="
    },
    "viewport-checker": {
      "version": "2.0.0",
      "resolved": "https://registry.npmjs.org/viewport-checker/-/viewport-checker-2.0.0.tgz",
      "integrity": "sha512-H5XhP63thcPB95I/0YKnIqtHXmEw5HEVBzT+HEVe6XDXBDMSrhitxgF4g2hyCYL7BwE+exIDrHHC8BnBu9q9kw=="
    },
    "wowjs": {
      "version": "1.1.3",
      "resolved": "https://registry.npmjs.org/wowjs/-/wowjs-1.1.3.tgz",
      "integrity": "sha1-RA/Bu0x+iWhA7keXIpaitZB1rL0=",
      "requires": {
        "animate.css": "^4.1.1"
      }
    }
  }
}
